
Microsoft Visual Studio Solution File, Format Version 12.00
# Visual Studio Version 17
VisualStudioVersion = 17.5.33516.290
MinimumVisualStudioVersion = 10.0.40219.1
Project("{FAE04EC0-301F-11D3-BF4B-00C04F79EFBC}") = "WebApplication1", "WebApplication1\WebApplication1.csproj", "{F518664B-B0F3-44F6-81D8-5704B5563E70}"
EndProject
Global
	GlobalSection(SolutionConfigurationPlatforms) = preSolution
		Debug|Any CPU = Debug|Any CPU
		Release|Any CPU = Release|Any CPU
	EndGlobalSection
	GlobalSection(ProjectConfigurationPlatforms) = postSolution
		{F518664B-B0F3-44F6-81D8-5704B5563E70}.Debug|Any CPU.ActiveCfg = Debug|Any CPU
		{F518664B-B0F3-44F6-81D8-5704B5563E70}.Debug|Any CPU.Build.0 = Debug|Any CPU
		{F518664B-B0F3-44F6-81D8-5704B5563E70}.Release|Any CPU.ActiveCfg = Release|Any CPU
		{F518664B-B0F3-44F6-81D8-5704B5563E70}.Release|Any CPU.Build.0 = Release|Any CPU
	EndGlobalSection
	GlobalSection(SolutionProperties) = preSolution
		HideSolutionNode = FALSE
	EndGlobalSection
	GlobalSection(ExtensibilityGlobals) = postSolution
		SolutionGuid = {242B2DB8-499E-4BAA-97AE-F1E5FC26C845}
	EndGlobalSection
EndGlobal
